
Microsoft Visual Studio Solution File, Format Version 12.00
# Visual Studio Version 17
VisualStudioVersion = 17.7.33808.371
MinimumVisualStudioVersion = 10.0.40219.1
Project("{9A19103F-16F7-4668-BE54-9A1E7A4F7556}") = "Timtek.Maxim.ConfigureCalibration", "Timtek.Maxim.ConfigureCalibration\Timtek.Maxim.ConfigureCalibration.csproj", "{8D356EA2-0F81-4F64-8BE9-321019058D7C}"
EndProject
Project("{9A19103F-16F7-4668-BE54-9A1E7A4F7556}") = "Timtek.Maxim.ConfigureCalibration.Specifications", "Timtek.Maxim.ConfigureCalibration.Specifications\Timtek.Maxim.ConfigureCalibration.Specifications.csproj", "{1F216783-423E-45F9-BE18-AB65DE3D72AB}"
EndProject
Project("{2150E333-8FDC-42A3-9474-1A3956D46DE8}") = "Documents", "Documents", "{BA0E111B-3650-4780-A982-F58CF349AD68}"
	ProjectSection(SolutionItems) = preProject
		ReadMe.md = ReadMe.md
	EndProjectSection
EndProject
Global
	GlobalSection(SolutionConfigurationPlatforms) = preSolution
		Debug|Any CPU = Debug|Any CPU
		Release|Any CPU = Release|Any CPU
	EndGlobalSection
	GlobalSection(ProjectConfigurationPlatforms) = postSolution
		{8D356EA2-0F81-4F64-8BE9-321019058D7C}.Debug|Any CPU.ActiveCfg = Debug|Any CPU
		{8D356EA2-0F81-4F64-8BE9-321019058D7C}.Debug|Any CPU.Build.0 = Debug|Any CPU
		{8D356EA2-0F81-4F64-8BE9-321019058D7C}.Release|Any CPU.ActiveCfg = Release|Any CPU
		{8D356EA2-0F81-4F64-8BE9-321019058D7C}.Release|Any CPU.Build.0 = Release|Any CPU
		{1F216783-423E-45F9-BE18-AB65DE3D72AB}.Debug|Any CPU.ActiveCfg = Debug|Any CPU
		{1F216783-423E-45F9-BE18-AB65DE3D72AB}.Debug|Any CPU.Build.0 = Debug|Any CPU
		{1F216783-423E-45F9-BE18-AB65DE3D72AB}.Release|Any CPU.ActiveCfg = Release|Any CPU
		{1F216783-423E-45F9-BE18-AB65DE3D72AB}.Release|Any CPU.Build.0 = Release|Any CPU
	EndGlobalSection
	GlobalSection(SolutionProperties) = preSolution
		HideSolutionNode = FALSE
	EndGlobalSection
	GlobalSection(ExtensibilityGlobals) = postSolution
		SolutionGuid = {3F521A93-9DB3-4C63-9C47-593599DED35D}
	EndGlobalSection
EndGlobal
